
Microsoft Visual Studio Solution File, Format Version 12.00
# Visual Studio 2012
Project("{E24C65DC-7377-472B-9ABA-BC803B73C61A}") = "ember-grid", ".", "{68880352-1B56-4766-BB54-488FC2C78AE7}"
	ProjectSection(WebsiteProperties) = preProject
		TargetFrameworkMoniker = ".NETFramework,Version%3Dv4.0"
		Debug.AspNetCompiler.VirtualPath = "/ember-grid"
		Debug.AspNetCompiler.PhysicalPath = "..\ember-grid\"
		Debug.AspNetCompiler.TargetPath = "PrecompiledWeb\ember-grid\"
		Debug.AspNetCompiler.Updateable = "true"
		Debug.AspNetCompiler.ForceOverwrite = "true"
		Debug.AspNetCompiler.FixedNames = "false"
		Debug.AspNetCompiler.Debug = "True"
		Release.AspNetCompiler.VirtualPath = "/ember-grid"
		Release.AspNetCompiler.PhysicalPath = "..\ember-grid\"
		Release.AspNetCompiler.TargetPath = "PrecompiledWeb\ember-grid\"
		Release.AspNetCompiler.Updateable = "true"
		Release.AspNetCompiler.ForceOverwrite = "true"
		Release.AspNetCompiler.FixedNames = "false"
		Release.AspNetCompiler.Debug = "False"
		VWDPort = "53471"
	EndProjectSection
EndProject
Global
	GlobalSection(SolutionConfigurationPlatforms) = preSolution
		Debug|Any CPU = Debug|Any CPU
	EndGlobalSection
	GlobalSection(ProjectConfigurationPlatforms) = postSolution
		{68880352-1B56-4766-BB54-488FC2C78AE7}.Debug|Any CPU.ActiveCfg = Debug|Any CPU
		{68880352-1B56-4766-BB54-488FC2C78AE7}.Debug|Any CPU.Build.0 = Debug|Any CPU
	EndGlobalSection
	GlobalSection(SolutionProperties) = preSolution
		HideSolutionNode = FALSE
	EndGlobalSection
EndGlobal
